
Microsoft Visual Studio Solution File, Format Version 12.00
# Visual Studio Version 17
VisualStudioVersion = 17.11.35303.130
MinimumVisualStudioVersion = 10.0.40219.1
Project("{2150E333-8FDC-42A3-9474-1A3956D46DE8}") = "Task0", "Task0", "{6D37CAF0-37C2-44AD-A427-63F906241C04}"
EndProject
Project("{9A19103F-16F7-4668-BE54-9A1E7A4F7556}") = "Tyuiu.FabritsiusAO.Sprint2.Task0.V20", "Tyuiu.FabritsiusAO.Sprint2.Task0.V20\Tyuiu.FabritsiusAO.Sprint2.Task0.V20.csproj", "{6BAAAF1A-848D-40EF-959D-21CA08FF2A18}"
EndProject
Project("{9A19103F-16F7-4668-BE54-9A1E7A4F7556}") = "Tyuiu.FabritsiusAO.Sprint2.Task0.V20.Lib", "Tyuiu.FabritsiusAO.Sprint2.Task0.V20.Lib\Tyuiu.FabritsiusAO.Sprint2.Task0.V20.Lib.csproj", "{9FA00DB9-E1DC-4E76-AADD-D22309EF87DE}"
EndProject
Project("{9A19103F-16F7-4668-BE54-9A1E7A4F7556}") = "Tyuiu.FabritsiusAO.Sprint2.Task0.V20.Test", "Tyuiu.FabritsiusAO.Sprint2.Task0.V20.Test\Tyuiu.FabritsiusAO.Sprint2.Task0.V20.Test.csproj", "{4B76D847-9699-4F01-8385-3A4EC9BEB437}"
EndProject
Project("{2150E333-8FDC-42A3-9474-1A3956D46DE8}") = "Task1", "Task1", "{D3D4DEFD-1615-4258-96C7-BBF27C3A93C2}"
EndProject
Project("{9A19103F-16F7-4668-BE54-9A1E7A4F7556}") = "Tyuiu.FabritsiusAO.Sprint2.Task1.V27", "Tyuiu.FabritsiusAO.Sprint2.Task1.V27\Tyuiu.FabritsiusAO.Sprint2.Task1.V27.csproj", "{E23F42A3-C493-47D4-9EEE-051688DA320F}"
EndProject
Project("{9A19103F-16F7-4668-BE54-9A1E7A4F7556}") = "Tyuiu.FabritsiusAO.Sprint2.Task1.V27.Lib", "Tyuiu.FabritsiusAO.Sprint2.Task1.V27.Lib\Tyuiu.FabritsiusAO.Sprint2.Task1.V27.Lib.csproj", "{BCBB19E9-3042-4937-B929-613E23320BB2}"
EndProject
Project("{9A19103F-16F7-4668-BE54-9A1E7A4F7556}") = "Tyuiu.FabritsiusAO.Sprint2.Task1.V27.Test", "Tyuiu.FabritsiusAO.Sprint2.Task1.V27.Test\Tyuiu.FabritsiusAO.Sprint2.Task1.V27.Test.csproj", "{1B528CED-0942-4015-9942-14B4B79399E3}"
EndProject
Project("{2150E333-8FDC-42A3-9474-1A3956D46DE8}") = "Task2", "Task2", "{91C12C61-3E57-4396-BB8A-8CE006551DF4}"
EndProject
Project("{9A19103F-16F7-4668-BE54-9A1E7A4F7556}") = "Tyuiu.FabritsiusAO.Sprint2.Task2.V24", "Tyuiu.FabritsiusAO.Sprint2.Task2.V24\Tyuiu.FabritsiusAO.Sprint2.Task2.V24.csproj", "{79CE0529-FB74-448F-8056-24DD6D71EE47}"
EndProject
Project("{9A19103F-16F7-4668-BE54-9A1E7A4F7556}") = "Tyuiu.FabritsiusAO.Sprint2.Task2.V24.Lib", "Tyuiu.FabritsiusAO.Sprint2.Task2.V24.Lib\Tyuiu.FabritsiusAO.Sprint2.Task2.V24.Lib.csproj", "{876E16C9-9B22-4725-9735-881686805E3D}"
EndProject
Project("{9A19103F-16F7-4668-BE54-9A1E7A4F7556}") = "Tyuiu.FabritsiusAO.Sprint2.Task2.V24.Test", "Tyuiu.FabritsiusAO.Sprint2.Task2.V24.Test\Tyuiu.FabritsiusAO.Sprint2.Task2.V24.Test.csproj", "{6FA44F9B-6328-46AA-B36D-76FD88A76CB8}"
EndProject
Project("{2150E333-8FDC-42A3-9474-1A3956D46DE8}") = "Task3", "Task3", "{7CA87883-F22A-4264-BC60-642AAFE0153E}"
EndProject
Project("{9A19103F-16F7-4668-BE54-9A1E7A4F7556}") = "Tyuiu.FabritsiusAO.Sprint2.Task3.V5", "Tyuiu.FabritsiusAO.Sprint2.Task3.V5\Tyuiu.FabritsiusAO.Sprint2.Task3.V5.csproj", "{7F2849CE-7D6D-4390-A621-D42F392EE3E8}"
EndProject
Project("{9A19103F-16F7-4668-BE54-9A1E7A4F7556}") = "Tyuiu.FabritsiusAO.Sprint2.Task3.V5.Lib", "Tyuiu.FabritsiusAO.Sprint2.Task3.V5.Lib\Tyuiu.FabritsiusAO.Sprint2.Task3.V5.Lib.csproj", "{292017EC-5949-4603-AA2F-A142176F2BBE}"
EndProject
Project("{9A19103F-16F7-4668-BE54-9A1E7A4F7556}") = "Tyuiu.FabritsiusAO.Sprint2.Task3.V5.Test", "Tyuiu.FabritsiusAO.Sprint2.Task3.V5.Test\Tyuiu.FabritsiusAO.Sprint2.Task3.V5.Test.csproj", "{9E3DB8DB-2F4E-40C6-95AE-2E7BBD15A33E}"
EndProject
Project("{2150E333-8FDC-42A3-9474-1A3956D46DE8}") = "Task4", "Task4", "{7618F79E-5EAF-4839-A665-26C55F7509BF}"
EndProject
Project("{9A19103F-16F7-4668-BE54-9A1E7A4F7556}") = "Tyuiu.FabritsiusAO.Sprint2.Task4.V25", "Tyuiu.FabritsiusAO.Sprint2.Task4.V25\Tyuiu.FabritsiusAO.Sprint2.Task4.V25.csproj", "{31DC1B34-10D2-47C2-B2CA-77F2BA8F2D8E}"
EndProject
Project("{9A19103F-16F7-4668-BE54-9A1E7A4F7556}") = "Tyuiu.FabritsiusAO.Sprint2.Task4.V25.Lib", "Tyuiu.FabritsiusAO.Sprint2.Task4.V25.Lib\Tyuiu.FabritsiusAO.Sprint2.Task4.V25.Lib.csproj", "{E666562F-7B86-4F98-B14F-CB9C49F97FFE}"
EndProject
Project("{9A19103F-16F7-4668-BE54-9A1E7A4F7556}") = "Tyuiu.FabritsiusAO.Sprint2.Task4.V25.Test", "Tyuiu.FabritsiusAO.Sprint2.Task4.V25.Test\Tyuiu.FabritsiusAO.Sprint2.Task4.V25.Test.csproj", "{46707CFE-4E0C-4171-9CE2-CF7F4A8CB800}"
EndProject
Project("{2150E333-8FDC-42A3-9474-1A3956D46DE8}") = "Task5", "Task5", "{AC45AFF7-DC2D-4E5B-80F6-1FBF75144FFD}"
EndProject
Project("{9A19103F-16F7-4668-BE54-9A1E7A4F7556}") = "Tyuiu.FabritsiusAO.Sprint2.Task5.V3", "Tyuiu.FabritsiusAO.Sprint2.Task5.V3\Tyuiu.FabritsiusAO.Sprint2.Task5.V3.csproj", "{DEFDA116-24B6-4D1E-9275-588E768C615F}"
EndProject
Project("{9A19103F-16F7-4668-BE54-9A1E7A4F7556}") = "Tyuiu.FabritsiusAO.Sprint2.Task5.V3.Lib", "Tyuiu.FabritsiusAO.Sprint2.Task5.V3.Lib\Tyuiu.FabritsiusAO.Sprint2.Task5.V3.Lib.csproj", "{272D0BE1-D308-4489-A79C-B9DAEA8AA8AD}"
EndProject
Project("{9A19103F-16F7-4668-BE54-9A1E7A4F7556}") = "Tyuiu.FabritsiusAO.Sprint2.Task5.V3.Test", "Tyuiu.FabritsiusAO.Sprint2.Task5.V3.Test\Tyuiu.FabritsiusAO.Sprint2.Task5.V3.Test.csproj", "{A3F7A671-5C3A-40C1-8766-949069E8E461}"
EndProject
Project("{2150E333-8FDC-42A3-9474-1A3956D46DE8}") = "Task6", "Task6", "{3A576D36-EA93-4BB9-BF34-EF3C52B86694}"
EndProject
Project("{FAE04EC0-301F-11D3-BF4B-00C04F79EFBC}") = "Tyuiu.FabritsiusAO.Sprint2.Task6.V3", "Tyuiu.FabritsiusAO.Sprint2.Task6.V3\Tyuiu.FabritsiusAO.Sprint2.Task6.V3.csproj", "{E0277F08-B577-4E3A-9C99-86950F2F6DC5}"
EndProject
Project("{FAE04EC0-301F-11D3-BF4B-00C04F79EFBC}") = "Tyuiu.FabritsiusAO.Sprint2.Task6.V3.Lib", "Tyuiu.FabritsiusAO.Sprint2.Task6.V3.Lib\Tyuiu.FabritsiusAO.Sprint2.Task6.V3.Lib.csproj", "{0778809A-9766-45CE-A029-6791F8F39951}"
EndProject
Project("{FAE04EC0-301F-11D3-BF4B-00C04F79EFBC}") = "Tyuiu.FabritsiusAO.Sprint2.Task6.V3.Test", "Tyuiu.FabritsiusAO.Sprint2.Task6.V3.Test\Tyuiu.FabritsiusAO.Sprint2.Task6.V3.Test.csproj", "{49CD6765-7CE4-44EC-802E-2B4B37012495}"
EndProject
Project("{2150E333-8FDC-42A3-9474-1A3956D46DE8}") = "Task7", "Task7", "{32C8E8C8-2569-4868-A5B7-086ED1069969}"
EndProject
Project("{FAE04EC0-301F-11D3-BF4B-00C04F79EFBC}") = "Tyuiu.FabritsiusAO.Sprint2.Task7.V2", "Tyuiu.FabritsiusAO.Sprint2.Task7.V2\Tyuiu.FabritsiusAO.Sprint2.Task7.V2.csproj", "{6CB41FD8-64DC-46F8-BBD5-97C288C8773B}"
EndProject
Project("{FAE04EC0-301F-11D3-BF4B-00C04F79EFBC}") = "Tyuiu.FabritsiusAO.Sprint2.Task7.V2.Lib", "Tyuiu.FabritsiusAO.Sprint2.Task7.V2.Lib\Tyuiu.FabritsiusAO.Sprint2.Task7.V2.Lib.csproj", "{CAD9C854-7CAF-4E23-B226-F5EA5363936B}"
EndProject
Project("{FAE04EC0-301F-11D3-BF4B-00C04F79EFBC}") = "Tyuiu.FabritsiusAO.Sprint2.Task7.V2.Test", "Tyuiu.FabritsiusAO.Sprint2.Task7.V2.Test\Tyuiu.FabritsiusAO.Sprint2.Task7.V2.Test.csproj", "{92D1C893-B2EE-483A-964C-5B513E3B2D2F}"
EndProject
Global
	GlobalSection(SolutionConfigurationPlatforms) = preSolution
		Debug|Any CPU = Debug|Any CPU
		Release|Any CPU = Release|Any CPU
	EndGlobalSection
	GlobalSection(ProjectConfigurationPlatforms) = postSolution
		{6BAAAF1A-848D-40EF-959D-21CA08FF2A18}.Debug|Any CPU.ActiveCfg = Debug|Any CPU
		{6BAAAF1A-848D-40EF-959D-21CA08FF2A18}.Debug|Any CPU.Build.0 = Debug|Any CPU
		{6BAAAF1A-848D-40EF-959D-21CA08FF2A18}.Release|Any CPU.ActiveCfg = Release|Any CPU
		{6BAAAF1A-848D-40EF-959D-21CA08FF2A18}.Release|Any CPU.Build.0 = Release|Any CPU
		{9FA00DB9-E1DC-4E76-AADD-D22309EF87DE}.Debug|Any CPU.ActiveCfg = Debug|Any CPU
		{9FA00DB9-E1DC-4E76-AADD-D22309EF87DE}.Debug|Any CPU.Build.0 = Debug|Any CPU
		{9FA00DB9-E1DC-4E76-AADD-D22309EF87DE}.Release|Any CPU.ActiveCfg = Release|Any CPU
		{9FA00DB9-E1DC-4E76-AADD-D22309EF87DE}.Release|Any CPU.Build.0 = Release|Any CPU
		{4B76D847-9699-4F01-8385-3A4EC9BEB437}.Debug|Any CPU.ActiveCfg = Debug|Any CPU
		{4B76D847-9699-4F01-8385-3A4EC9BEB437}.Debug|Any CPU.Build.0 = Debug|Any CPU
		{4B76D847-9699-4F01-8385-3A4EC9BEB437}.Release|Any CPU.ActiveCfg = Release|Any CPU
		{4B76D847-9699-4F01-8385-3A4EC9BEB437}.Release|Any CPU.Build.0 = Release|Any CPU
		{E23F42A3-C493-47D4-9EEE-051688DA320F}.Debug|Any CPU.ActiveCfg = Debug|Any CPU
		{E23F42A3-C493-47D4-9EEE-051688DA320F}.Debug|Any CPU.Build.0 = Debug|Any CPU
		{E23F42A3-C493-47D4-9EEE-051688DA320F}.Release|Any CPU.ActiveCfg = Release|Any CPU
		{E23F42A3-C493-47D4-9EEE-051688DA320F}.Release|Any CPU.Build.0 = Release|Any CPU
		{BCBB19E9-3042-4937-B929-613E23320BB2}.Debug|Any CPU.ActiveCfg = Debug|Any CPU
		{BCBB19E9-3042-4937-B929-613E23320BB2}.Debug|Any CPU.Build.0 = Debug|Any CPU
		{BCBB19E9-3042-4937-B929-613E23320BB2}.Release|Any CPU.ActiveCfg = Release|Any CPU
		{BCBB19E9-3042-4937-B929-613E23320BB2}.Release|Any CPU.Build.0 = Release|Any CPU
		{1B528CED-0942-4015-9942-14B4B79399E3}.Debug|Any CPU.ActiveCfg = Debug|Any CPU
		{1B528CED-0942-4015-9942-14B4B79399E3}.Debug|Any CPU.Build.0 = Debug|Any CPU
		{1B528CED-0942-4015-9942-14B4B79399E3}.Release|Any CPU.ActiveCfg = Release|Any CPU
		{1B528CED-0942-4015-9942-14B4B79399E3}.Release|Any CPU.Build.0 = Release|Any CPU
		{79CE0529-FB74-448F-8056-24DD6D71EE47}.Debug|Any CPU.ActiveCfg = Debug|Any CPU
		{79CE0529-FB74-448F-8056-24DD6D71EE47}.Debug|Any CPU.Build.0 = Debug|Any CPU
		{79CE0529-FB74-448F-8056-24DD6D71EE47}.Release|Any CPU.ActiveCfg = Release|Any CPU
		{79CE0529-FB74-448F-8056-24DD6D71EE47}.Release|Any CPU.Build.0 = Release|Any CPU
		{876E16C9-9B22-4725-9735-881686805E3D}.Debug|Any CPU.ActiveCfg = Debug|Any CPU
		{876E16C9-9B22-4725-9735-881686805E3D}.Debug|Any CPU.Build.0 = Debug|Any CPU
		{876E16C9-9B22-4725-9735-881686805E3D}.Release|Any CPU.ActiveCfg = Release|Any CPU
		{876E16C9-9B22-4725-9735-881686805E3D}.Release|Any CPU.Build.0 = Release|Any CPU
		{6FA44F9B-6328-46AA-B36D-76FD88A76CB8}.Debug|Any CPU.ActiveCfg = Debug|Any CPU
		{6FA44F9B-6328-46AA-B36D-76FD88A76CB8}.Debug|Any CPU.Build.0 = Debug|Any CPU
		{6FA44F9B-6328-46AA-B36D-76FD88A76CB8}.Release|Any CPU.ActiveCfg = Release|Any CPU
		{6FA44F9B-6328-46AA-B36D-76FD88A76CB8}.Release|Any CPU.Build.0 = Release|Any CPU
		{7F2849CE-7D6D-4390-A621-D42F392EE3E8}.Debug|Any CPU.ActiveCfg = Debug|Any CPU
		{7F2849CE-7D6D-4390-A621-D42F392EE3E8}.Debug|Any CPU.Build.0 = Debug|Any CPU
		{7F2849CE-7D6D-4390-A621-D42F392EE3E8}.Release|Any CPU.ActiveCfg = Release|Any CPU
		{7F2849CE-7D6D-4390-A621-D42F392EE3E8}.Release|Any CPU.Build.0 = Release|Any CPU
		{292017EC-5949-4603-AA2F-A142176F2BBE}.Debug|Any CPU.ActiveCfg = Debug|Any CPU
		{292017EC-5949-4603-AA2F-A142176F2BBE}.Debug|Any CPU.Build.0 = Debug|Any CPU
		{292017EC-5949-4603-AA2F-A142176F2BBE}.Release|Any CPU.ActiveCfg = Release|Any CPU
		{292017EC-5949-4603-AA2F-A142176F2BBE}.Release|Any CPU.Build.0 = Release|Any CPU
		{9E3DB8DB-2F4E-40C6-95AE-2E7BBD15A33E}.Debug|Any CPU.ActiveCfg = Debug|Any CPU
		{9E3DB8DB-2F4E-40C6-95AE-2E7BBD15A33E}.Debug|Any CPU.Build.0 = Debug|Any CPU
		{9E3DB8DB-2F4E-40C6-95AE-2E7BBD15A33E}.Release|Any CPU.ActiveCfg = Release|Any CPU
		{9E3DB8DB-2F4E-40C6-95AE-2E7BBD15A33E}.Release|Any CPU.Build.0 = Release|Any CPU
		{31DC1B34-10D2-47C2-B2CA-77F2BA8F2D8E}.Debug|Any CPU.ActiveCfg = Debug|Any CPU
		{31DC1B34-10D2-47C2-B2CA-77F2BA8F2D8E}.Debug|Any CPU.Build.0 = Debug|Any CPU
		{31DC1B34-10D2-47C2-B2CA-77F2BA8F2D8E}.Release|Any CPU.ActiveCfg = Release|Any CPU
		{31DC1B34-10D2-47C2-B2CA-77F2BA8F2D8E}.Release|Any CPU.Build.0 = Release|Any CPU
		{E666562F-7B86-4F98-B14F-CB9C49F97FFE}.Debug|Any CPU.ActiveCfg = Debug|Any CPU
		{E666562F-7B86-4F98-B14F-CB9C49F97FFE}.Debug|Any CPU.Build.0 = Debug|Any CPU
		{E666562F-7B86-4F98-B14F-CB9C49F97FFE}.Release|Any CPU.ActiveCfg = Release|Any CPU
		{E666562F-7B86-4F98-B14F-CB9C49F97FFE}.Release|Any CPU.Build.0 = Release|Any CPU
		{46707CFE-4E0C-4171-9CE2-CF7F4A8CB800}.Debug|Any CPU.ActiveCfg = Debug|Any CPU
		{46707CFE-4E0C-4171-9CE2-CF7F4A8CB800}.Debug|Any CPU.Build.0 = Debug|Any CPU
		{46707CFE-4E0C-4171-9CE2-CF7F4A8CB800}.Release|Any CPU.ActiveCfg = Release|Any CPU
		{46707CFE-4E0C-4171-9CE2-CF7F4A8CB800}.Release|Any CPU.Build.0 = Release|Any CPU
		{DEFDA116-24B6-4D1E-9275-588E768C615F}.Debug|Any CPU.ActiveCfg = Debug|Any CPU
		{DEFDA116-24B6-4D1E-9275-588E768C615F}.Debug|Any CPU.Build.0 = Debug|Any CPU
		{DEFDA116-24B6-4D1E-9275-588E768C615F}.Release|Any CPU.ActiveCfg = Release|Any CPU
		{DEFDA116-24B6-4D1E-9275-588E768C615F}.Release|Any CPU.Build.0 = Release|Any CPU
		{272D0BE1-D308-4489-A79C-B9DAEA8AA8AD}.Debug|Any CPU.ActiveCfg = Debug|Any CPU
		{272D0BE1-D308-4489-A79C-B9DAEA8AA8AD}.Debug|Any CPU.Build.0 = Debug|Any CPU
		{272D0BE1-D308-4489-A79C-B9DAEA8AA8AD}.Release|Any CPU.ActiveCfg = Release|Any CPU
		{272D0BE1-D308-4489-A79C-B9DAEA8AA8AD}.Release|Any CPU.Build.0 = Release|Any CPU
		{A3F7A671-5C3A-40C1-8766-949069E8E461}.Debug|Any CPU.ActiveCfg = Debug|Any CPU
		{A3F7A671-5C3A-40C1-8766-949069E8E461}.Debug|Any CPU.Build.0 = Debug|Any CPU
		{A3F7A671-5C3A-40C1-8766-949069E8E461}.Release|Any CPU.ActiveCfg = Release|Any CPU
		{A3F7A671-5C3A-40C1-8766-949069E8E461}.Release|Any CPU.Build.0 = Release|Any CPU
		{E0277F08-B577-4E3A-9C99-86950F2F6DC5}.Debug|Any CPU.ActiveCfg = Debug|Any CPU
		{E0277F08-B577-4E3A-9C99-86950F2F6DC5}.Debug|Any CPU.Build.0 = Debug|Any CPU
		{E0277F08-B577-4E3A-9C99-86950F2F6DC5}.Release|Any CPU.ActiveCfg = Release|Any CPU
		{E0277F08-B577-4E3A-9C99-86950F2F6DC5}.Release|Any CPU.Build.0 = Release|Any CPU
		{0778809A-9766-45CE-A029-6791F8F39951}.Debug|Any CPU.ActiveCfg = Debug|Any CPU
		{0778809A-9766-45CE-A029-6791F8F39951}.Debug|Any CPU.Build.0 = Debug|Any CPU
		{0778809A-9766-45CE-A029-6791F8F39951}.Release|Any CPU.ActiveCfg = Release|Any CPU
		{0778809A-9766-45CE-A029-6791F8F39951}.Release|Any CPU.Build.0 = Release|Any CPU
		{49CD6765-7CE4-44EC-802E-2B4B37012495}.Debug|Any CPU.ActiveCfg = Debug|Any CPU
		{49CD6765-7CE4-44EC-802E-2B4B37012495}.Debug|Any CPU.Build.0 = Debug|Any CPU
		{49CD6765-7CE4-44EC-802E-2B4B37012495}.Release|Any CPU.ActiveCfg = Release|Any CPU
		{49CD6765-7CE4-44EC-802E-2B4B37012495}.Release|Any CPU.Build.0 = Release|Any CPU
		{6CB41FD8-64DC-46F8-BBD5-97C288C8773B}.Debug|Any CPU.ActiveCfg = Debug|Any CPU
		{6CB41FD8-64DC-46F8-BBD5-97C288C8773B}.Debug|Any CPU.Build.0 = Debug|Any CPU
		{6CB41FD8-64DC-46F8-BBD5-97C288C8773B}.Release|Any CPU.ActiveCfg = Release|Any CPU
		{6CB41FD8-64DC-46F8-BBD5-97C288C8773B}.Release|Any CPU.Build.0 = Release|Any CPU
		{CAD9C854-7CAF-4E23-B226-F5EA5363936B}.Debug|Any CPU.ActiveCfg = Debug|Any CPU
		{CAD9C854-7CAF-4E23-B226-F5EA5363936B}.Debug|Any CPU.Build.0 = Debug|Any CPU
		{CAD9C854-7CAF-4E23-B226-F5EA5363936B}.Release|Any CPU.ActiveCfg = Release|Any CPU
		{CAD9C854-7CAF-4E23-B226-F5EA5363936B}.Release|Any CPU.Build.0 = Release|Any CPU
		{92D1C893-B2EE-483A-964C-5B513E3B2D2F}.Debug|Any CPU.ActiveCfg = Debug|Any CPU
		{92D1C893-B2EE-483A-964C-5B513E3B2D2F}.Debug|Any CPU.Build.0 = Debug|Any CPU
		{92D1C893-B2EE-483A-964C-5B513E3B2D2F}.Release|Any CPU.ActiveCfg = Release|Any CPU
		{92D1C893-B2EE-483A-964C-5B513E3B2D2F}.Release|Any CPU.Build.0 = Release|Any CPU
	EndGlobalSection
	GlobalSection(SolutionProperties) = preSolution
		HideSolutionNode = FALSE
	EndGlobalSection
	GlobalSection(NestedProjects) = preSolution
		{6BAAAF1A-848D-40EF-959D-21CA08FF2A18} = {6D37CAF0-37C2-44AD-A427-63F906241C04}
		{9FA00DB9-E1DC-4E76-AADD-D22309EF87DE} = {6D37CAF0-37C2-44AD-A427-63F906241C04}
		{4B76D847-9699-4F01-8385-3A4EC9BEB437} = {6D37CAF0-37C2-44AD-A427-63F906241C04}
		{E23F42A3-C493-47D4-9EEE-051688DA320F} = {D3D4DEFD-1615-4258-96C7-BBF27C3A93C2}
		{BCBB19E9-3042-4937-B929-613E23320BB2} = {D3D4DEFD-1615-4258-96C7-BBF27C3A93C2}
		{1B528CED-0942-4015-9942-14B4B79399E3} = {D3D4DEFD-1615-4258-96C7-BBF27C3A93C2}
		{79CE0529-FB74-448F-8056-24DD6D71EE47} = {91C12C61-3E57-4396-BB8A-8CE006551DF4}
		{876E16C9-9B22-4725-9735-881686805E3D} = {91C12C61-3E57-4396-BB8A-8CE006551DF4}
		{6FA44F9B-6328-46AA-B36D-76FD88A76CB8} = {91C12C61-3E57-4396-BB8A-8CE006551DF4}
		{7F2849CE-7D6D-4390-A621-D42F392EE3E8} = {7CA87883-F22A-4264-BC60-642AAFE0153E}
		{292017EC-5949-4603-AA2F-A142176F2BBE} = {7CA87883-F22A-4264-BC60-642AAFE0153E}
		{9E3DB8DB-2F4E-40C6-95AE-2E7BBD15A33E} = {7CA87883-F22A-4264-BC60-642AAFE0153E}
		{31DC1B34-10D2-47C2-B2CA-77F2BA8F2D8E} = {7618F79E-5EAF-4839-A665-26C55F7509BF}
		{E666562F-7B86-4F98-B14F-CB9C49F97FFE} = {7618F79E-5EAF-4839-A665-26C55F7509BF}
		{46707CFE-4E0C-4171-9CE2-CF7F4A8CB800} = {7618F79E-5EAF-4839-A665-26C55F7509BF}
		{DEFDA116-24B6-4D1E-9275-588E768C615F} = {AC45AFF7-DC2D-4E5B-80F6-1FBF75144FFD}
		{272D0BE1-D308-4489-A79C-B9DAEA8AA8AD} = {AC45AFF7-DC2D-4E5B-80F6-1FBF75144FFD}
		{A3F7A671-5C3A-40C1-8766-949069E8E461} = {AC45AFF7-DC2D-4E5B-80F6-1FBF75144FFD}
		{E0277F08-B577-4E3A-9C99-86950F2F6DC5} = {3A576D36-EA93-4BB9-BF34-EF3C52B86694}
		{0778809A-9766-45CE-A029-6791F8F39951} = {3A576D36-EA93-4BB9-BF34-EF3C52B86694}
		{49CD6765-7CE4-44EC-802E-2B4B37012495} = {3A576D36-EA93-4BB9-BF34-EF3C52B86694}
		{6CB41FD8-64DC-46F8-BBD5-97C288C8773B} = {32C8E8C8-2569-4868-A5B7-086ED1069969}
		{CAD9C854-7CAF-4E23-B226-F5EA5363936B} = {32C8E8C8-2569-4868-A5B7-086ED1069969}
		{92D1C893-B2EE-483A-964C-5B513E3B2D2F} = {32C8E8C8-2569-4868-A5B7-086ED1069969}
	EndGlobalSection
	GlobalSection(ExtensibilityGlobals) = postSolution
		SolutionGuid = {06AC930E-3A3B-4327-9880-5614229E152A}
	EndGlobalSection
EndGlobal
